
Microsoft Visual Studio Solution File, Format Version 12.00
# Visual Studio Version 16
VisualStudioVersion = 16.0.29728.190
MinimumVisualStudioVersion = 10.0.40219.1
Project("{FAE04EC0-301F-11D3-BF4B-00C04F79EFBC}") = "While_Structure", "While_Structure\While_Structure.csproj", "{2EEA474D-564F-4E99-9692-13A7A81103FC}"
EndProject
Global
	GlobalSection(SolutionConfigurationPlatforms) = preSolution
		Debug|Any CPU = Debug|Any CPU
		Release|Any CPU = Release|Any CPU
	EndGlobalSection
	GlobalSection(ProjectConfigurationPlatforms) = postSolution
		{2EEA474D-564F-4E99-9692-13A7A81103FC}.Debug|Any CPU.ActiveCfg = Debug|Any CPU
		{2EEA474D-564F-4E99-9692-13A7A81103FC}.Debug|Any CPU.Build.0 = Debug|Any CPU
		{2EEA474D-564F-4E99-9692-13A7A81103FC}.Release|Any CPU.ActiveCfg = Release|Any CPU
		{2EEA474D-564F-4E99-9692-13A7A81103FC}.Release|Any CPU.Build.0 = Release|Any CPU
	EndGlobalSection
	GlobalSection(SolutionProperties) = preSolution
		HideSolutionNode = FALSE
	EndGlobalSection
	GlobalSection(ExtensibilityGlobals) = postSolution
		SolutionGuid = {3F73E6FC-033F-42F6-B3EE-5E68A4EA6C9D}
	EndGlobalSection
EndGlobal
