
Microsoft Visual Studio Solution File, Format Version 12.00
# Visual Studio Version 16
VisualStudioVersion = 16.0.30128.74
MinimumVisualStudioVersion = 10.0.40219.1
Project("{9A19103F-16F7-4668-BE54-9A1E7A4F7556}") = "AutoProperties_Overhead", "AutoProperties_Overhead\AutoProperties_Overhead.csproj", "{B23675E1-D1C5-448A-9048-2C128B7DDFF5}"
EndProject
Global
	GlobalSection(SolutionConfigurationPlatforms) = preSolution
		Debug|Any CPU = Debug|Any CPU
		Release|Any CPU = Release|Any CPU
	EndGlobalSection
	GlobalSection(ProjectConfigurationPlatforms) = postSolution
		{B23675E1-D1C5-448A-9048-2C128B7DDFF5}.Debug|Any CPU.ActiveCfg = Debug|Any CPU
		{B23675E1-D1C5-448A-9048-2C128B7DDFF5}.Debug|Any CPU.Build.0 = Debug|Any CPU
		{B23675E1-D1C5-448A-9048-2C128B7DDFF5}.Release|Any CPU.ActiveCfg = Release|Any CPU
		{B23675E1-D1C5-448A-9048-2C128B7DDFF5}.Release|Any CPU.Build.0 = Release|Any CPU
	EndGlobalSection
	GlobalSection(SolutionProperties) = preSolution
		HideSolutionNode = FALSE
	EndGlobalSection
	GlobalSection(ExtensibilityGlobals) = postSolution
		SolutionGuid = {4830B0B4-FE91-4464-BC05-DF75FAFC1ABC}
	EndGlobalSection
EndGlobal
