
Microsoft Visual Studio Solution File, Format Version 12.00
# Visual Studio Version 16
VisualStudioVersion = 16.0.29728.190
MinimumVisualStudioVersion = 10.0.40219.1
Project("{FAE04EC0-301F-11D3-BF4B-00C04F79EFBC}") = "Correcao-exercicios-fixacao", "Correcao-exercicios-fixacao\Correcao-exercicios-fixacao.csproj", "{B37A7114-5255-41CC-91C9-F3493BD40C55}"
EndProject
Global
	GlobalSection(SolutionConfigurationPlatforms) = preSolution
		Debug|Any CPU = Debug|Any CPU
		Release|Any CPU = Release|Any CPU
	EndGlobalSection
	GlobalSection(ProjectConfigurationPlatforms) = postSolution
		{B37A7114-5255-41CC-91C9-F3493BD40C55}.Debug|Any CPU.ActiveCfg = Debug|Any CPU
		{B37A7114-5255-41CC-91C9-F3493BD40C55}.Debug|Any CPU.Build.0 = Debug|Any CPU
		{B37A7114-5255-41CC-91C9-F3493BD40C55}.Release|Any CPU.ActiveCfg = Release|Any CPU
		{B37A7114-5255-41CC-91C9-F3493BD40C55}.Release|Any CPU.Build.0 = Release|Any CPU
	EndGlobalSection
	GlobalSection(SolutionProperties) = preSolution
		HideSolutionNode = FALSE
	EndGlobalSection
	GlobalSection(ExtensibilityGlobals) = postSolution
		SolutionGuid = {E0036389-D171-40D2-BCDC-2F99A10CE973}
	EndGlobalSection
EndGlobal
